
Microsoft Visual Studio Solution File, Format Version 12.00
# Visual Studio Version 17
VisualStudioVersion = 17.0.32014.148
MinimumVisualStudioVersion = 10.0.40219.1
Project("{FAE04EC0-301F-11D3-BF4B-00C04F79EFBC}") = "ASF-IPC-CLI-Wrapper", "ASF-IPC-CLI-Wrapper\ASF-IPC-CLI-Wrapper.csproj", "{E9809830-3630-454E-ACF8-285201FE3F88}"
EndProject
Global
	GlobalSection(SolutionConfigurationPlatforms) = preSolution
		Debug|Any CPU = Debug|Any CPU
		Release|Any CPU = Release|Any CPU
	EndGlobalSection
	GlobalSection(ProjectConfigurationPlatforms) = postSolution
		{E9809830-3630-454E-ACF8-285201FE3F88}.Debug|Any CPU.ActiveCfg = Debug|Any CPU
		{E9809830-3630-454E-ACF8-285201FE3F88}.Debug|Any CPU.Build.0 = Debug|Any CPU
		{E9809830-3630-454E-ACF8-285201FE3F88}.Release|Any CPU.ActiveCfg = Release|Any CPU
		{E9809830-3630-454E-ACF8-285201FE3F88}.Release|Any CPU.Build.0 = Release|Any CPU
	EndGlobalSection
	GlobalSection(SolutionProperties) = preSolution
		HideSolutionNode = FALSE
	EndGlobalSection
	GlobalSection(ExtensibilityGlobals) = postSolution
		SolutionGuid = {70EBC901-BA50-48DC-9192-2D9C2F4E3664}
	EndGlobalSection
EndGlobal
